<?xml version="1.0" encoding="UTF-8"?>
<CodeBlocks_project_file>
	<FileVersion major="1" minor="6"/>
	<Project>
		<Option title="zshare_client"/>
		<Option makefile_is_custom="1"/>
		<Option compiler="gcc"/>
		<Option virtualFolders="CMake Files\;CMake Files\opt\;"/>
		<Build>
			<Target title="all">
				<Option working_dir="/home/zukkari/git/zshare/zshare-client"/>
				<Option type="4"/>
				<MakeCommands>
					<Build command="/usr/bin/gmake -f &quot;/home/zukkari/git/zshare/zshare-client/Makefile&quot;  VERBOSE=1 all"/>
					<CompileFile command="/usr/bin/gmake -f &quot;/home/zukkari/git/zshare/zshare-client/Makefile&quot;  VERBOSE=1 &quot;$file&quot;"/>
					<Clean command="/usr/bin/gmake -f &quot;/home/zukkari/git/zshare/zshare-client/Makefile&quot;  VERBOSE=1 clean"/>
					<DistClean command="/usr/bin/gmake -f &quot;/home/zukkari/git/zshare/zshare-client/Makefile&quot;  VERBOSE=1 clean"/>
				</MakeCommands>
			</Target>
			<Target title="install/strip">
				<Option working_dir="/home/zukkari/git/zshare/zshare-client"/>
				<Option type="4"/>
				<MakeCommands>
					<Build command="/usr/bin/gmake -f &quot;/home/zukkari/git/zshare/zshare-client/Makefile&quot;  VERBOSE=1 install/strip"/>
					<CompileFile command="/usr/bin/gmake -f &quot;/home/zukkari/git/zshare/zshare-client/Makefile&quot;  VERBOSE=1 &quot;$file&quot;"/>
					<Clean command="/usr/bin/gmake -f &quot;/home/zukkari/git/zshare/zshare-client/Makefile&quot;  VERBOSE=1 clean"/>
					<DistClean command="/usr/bin/gmake -f &quot;/home/zukkari/git/zshare/zshare-client/Makefile&quot;  VERBOSE=1 clean"/>
				</MakeCommands>
			</Target>
			<Target title="install/local">
				<Option working_dir="/home/zukkari/git/zshare/zshare-client"/>
				<Option type="4"/>
				<MakeCommands>
					<Build command="/usr/bin/gmake -f &quot;/home/zukkari/git/zshare/zshare-client/Makefile&quot;  VERBOSE=1 install/local"/>
					<CompileFile command="/usr/bin/gmake -f &quot;/home/zukkari/git/zshare/zshare-client/Makefile&quot;  VERBOSE=1 &quot;$file&quot;"/>
					<Clean command="/usr/bin/gmake -f &quot;/home/zukkari/git/zshare/zshare-client/Makefile&quot;  VERBOSE=1 clean"/>
					<DistClean command="/usr/bin/gmake -f &quot;/home/zukkari/git/zshare/zshare-client/Makefile&quot;  VERBOSE=1 clean"/>
				</MakeCommands>
			</Target>
			<Target title="install">
				<Option working_dir="/home/zukkari/git/zshare/zshare-client"/>
				<Option type="4"/>
				<MakeCommands>
					<Build command="/usr/bin/gmake -f &quot;/home/zukkari/git/zshare/zshare-client/Makefile&quot;  VERBOSE=1 install"/>
					<CompileFile command="/usr/bin/gmake -f &quot;/home/zukkari/git/zshare/zshare-client/Makefile&quot;  VERBOSE=1 &quot;$file&quot;"/>
					<Clean command="/usr/bin/gmake -f &quot;/home/zukkari/git/zshare/zshare-client/Makefile&quot;  VERBOSE=1 clean"/>
					<DistClean command="/usr/bin/gmake -f &quot;/home/zukkari/git/zshare/zshare-client/Makefile&quot;  VERBOSE=1 clean"/>
				</MakeCommands>
			</Target>
			<Target title="list_install_components">
				<Option working_dir="/home/zukkari/git/zshare/zshare-client"/>
				<Option type="4"/>
				<MakeCommands>
					<Build command="/usr/bin/gmake -f &quot;/home/zukkari/git/zshare/zshare-client/Makefile&quot;  VERBOSE=1 list_install_components"/>
					<CompileFile command="/usr/bin/gmake -f &quot;/home/zukkari/git/zshare/zshare-client/Makefile&quot;  VERBOSE=1 &quot;$file&quot;"/>
					<Clean command="/usr/bin/gmake -f &quot;/home/zukkari/git/zshare/zshare-client/Makefile&quot;  VERBOSE=1 clean"/>
					<DistClean command="/usr/bin/gmake -f &quot;/home/zukkari/git/zshare/zshare-client/Makefile&quot;  VERBOSE=1 clean"/>
				</MakeCommands>
			</Target>
			<Target title="rebuild_cache">
				<Option working_dir="/home/zukkari/git/zshare/zshare-client"/>
				<Option type="4"/>
				<MakeCommands>
					<Build command="/usr/bin/gmake -f &quot;/home/zukkari/git/zshare/zshare-client/Makefile&quot;  VERBOSE=1 rebuild_cache"/>
					<CompileFile command="/usr/bin/gmake -f &quot;/home/zukkari/git/zshare/zshare-client/Makefile&quot;  VERBOSE=1 &quot;$file&quot;"/>
					<Clean command="/usr/bin/gmake -f &quot;/home/zukkari/git/zshare/zshare-client/Makefile&quot;  VERBOSE=1 clean"/>
					<DistClean command="/usr/bin/gmake -f &quot;/home/zukkari/git/zshare/zshare-client/Makefile&quot;  VERBOSE=1 clean"/>
				</MakeCommands>
			</Target>
			<Target title="edit_cache">
				<Option working_dir="/home/zukkari/git/zshare/zshare-client"/>
				<Option type="4"/>
				<MakeCommands>
					<Build command="/usr/bin/gmake -f &quot;/home/zukkari/git/zshare/zshare-client/Makefile&quot;  VERBOSE=1 edit_cache"/>
					<CompileFile command="/usr/bin/gmake -f &quot;/home/zukkari/git/zshare/zshare-client/Makefile&quot;  VERBOSE=1 &quot;$file&quot;"/>
					<Clean command="/usr/bin/gmake -f &quot;/home/zukkari/git/zshare/zshare-client/Makefile&quot;  VERBOSE=1 clean"/>
					<DistClean command="/usr/bin/gmake -f &quot;/home/zukkari/git/zshare/zshare-client/Makefile&quot;  VERBOSE=1 clean"/>
				</MakeCommands>
			</Target>
			<Target title="zshare_client">
				<Option output="/home/zukkari/git/zshare/zshare-client/libzshare_client.so" prefix_auto="0" extension_auto="0"/>
				<Option working_dir="/home/zukkari/git/zshare/zshare-client"/>
				<Option object_output="./"/>
				<Option type="3"/>
				<Option compiler="gcc"/>
				<Compiler>
					<Add directory="/home/zukkari/git/zshare/zshare-client/opt/cpr/include"/>
					<Add directory="/home/zukkari/git/zshare/zshare-client/include"/>
					<Add directory="/home/zukkari/git/zshare/zshare-client/opt"/>
				</Compiler>
				<MakeCommands>
					<Build command="/usr/bin/gmake -f &quot;/home/zukkari/git/zshare/zshare-client/Makefile&quot;  VERBOSE=1 zshare_client"/>
					<CompileFile command="/usr/bin/gmake -f &quot;/home/zukkari/git/zshare/zshare-client/Makefile&quot;  VERBOSE=1 &quot;$file&quot;"/>
					<Clean command="/usr/bin/gmake -f &quot;/home/zukkari/git/zshare/zshare-client/Makefile&quot;  VERBOSE=1 clean"/>
					<DistClean command="/usr/bin/gmake -f &quot;/home/zukkari/git/zshare/zshare-client/Makefile&quot;  VERBOSE=1 clean"/>
				</MakeCommands>
			</Target>
			<Target title="zshare_client/fast">
				<Option output="/home/zukkari/git/zshare/zshare-client/libzshare_client.so" prefix_auto="0" extension_auto="0"/>
				<Option working_dir="/home/zukkari/git/zshare/zshare-client"/>
				<Option object_output="./"/>
				<Option type="3"/>
				<Option compiler="gcc"/>
				<Compiler>
					<Add directory="/home/zukkari/git/zshare/zshare-client/opt/cpr/include"/>
					<Add directory="/home/zukkari/git/zshare/zshare-client/include"/>
					<Add directory="/home/zukkari/git/zshare/zshare-client/opt"/>
				</Compiler>
				<MakeCommands>
					<Build command="/usr/bin/gmake -f &quot;/home/zukkari/git/zshare/zshare-client/Makefile&quot;  VERBOSE=1 zshare_client/fast"/>
					<CompileFile command="/usr/bin/gmake -f &quot;/home/zukkari/git/zshare/zshare-client/Makefile&quot;  VERBOSE=1 &quot;$file&quot;"/>
					<Clean command="/usr/bin/gmake -f &quot;/home/zukkari/git/zshare/zshare-client/Makefile&quot;  VERBOSE=1 clean"/>
					<DistClean command="/usr/bin/gmake -f &quot;/home/zukkari/git/zshare/zshare-client/Makefile&quot;  VERBOSE=1 clean"/>
				</MakeCommands>
			</Target>
		</Build>
		<Unit filename="/home/zukkari/git/zshare/zshare-client/src/ZFileContent.cpp">
			<Option target="zshare_client"/>
		</Unit>
		<Unit filename="/home/zukkari/git/zshare/zshare-client/src/ZFileUpload.cpp">
			<Option target="zshare_client"/>
		</Unit>
		<Unit filename="/home/zukkari/git/zshare/zshare-client/src/ZInfo.cpp">
			<Option target="zshare_client"/>
		</Unit>
		<Unit filename="/home/zukkari/git/zshare/zshare-client/src/ZShareClient.cpp">
			<Option target="zshare_client"/>
		</Unit>
		<Unit filename="/home/zukkari/git/zshare/zshare-client/CMakeLists.txt">
			<Option virtualFolder="CMake Files\"/>
		</Unit>
		<Unit filename="/home/zukkari/git/zshare/zshare-client/zshare_client.pc.in">
			<Option virtualFolder="CMake Files\"/>
		</Unit>
		<Unit filename="/home/zukkari/git/zshare/zshare-client/opt/CMakeLists.txt">
			<Option virtualFolder="CMake Files\opt\"/>
		</Unit>
	</Project>
</CodeBlocks_project_file>
